
Microsoft Visual Studio Solution File, Format Version 12.00
# Visual Studio Version 17
VisualStudioVersion = 17.4.33205.214
MinimumVisualStudioVersion = 10.0.40219.1
Project("{FAE04EC0-301F-11D3-BF4B-00C04F79EFBC}") = "PruebaJava", "PruebaJava\PruebaJava.csproj", "{07E7FB70-7CCC-46E7-8274-B9BBD2412C77}"
EndProject
Global
	GlobalSection(SolutionConfigurationPlatforms) = preSolution
		Debug|Any CPU = Debug|Any CPU
		Release|Any CPU = Release|Any CPU
	EndGlobalSection
	GlobalSection(ProjectConfigurationPlatforms) = postSolution
		{07E7FB70-7CCC-46E7-8274-B9BBD2412C77}.Debug|Any CPU.ActiveCfg = Debug|Any CPU
		{07E7FB70-7CCC-46E7-8274-B9BBD2412C77}.Debug|Any CPU.Build.0 = Debug|Any CPU
		{07E7FB70-7CCC-46E7-8274-B9BBD2412C77}.Release|Any CPU.ActiveCfg = Release|Any CPU
		{07E7FB70-7CCC-46E7-8274-B9BBD2412C77}.Release|Any CPU.Build.0 = Release|Any CPU
	EndGlobalSection
	GlobalSection(SolutionProperties) = preSolution
		HideSolutionNode = FALSE
	EndGlobalSection
	GlobalSection(ExtensibilityGlobals) = postSolution
		SolutionGuid = {4D0394D0-615A-4269-8FFC-DB4A1CD7AB49}
	EndGlobalSection
EndGlobal
